
Microsoft Visual Studio Solution File, Format Version 12.00
# Visual Studio Version 17
VisualStudioVersion = 17.1.32414.318
MinimumVisualStudioVersion = 10.0.40219.1
Project("{8BC9CEB8-8B4A-11D0-8D11-00A0C91BC942}") = "初识C语言（3）", "初识C语言（3）\初识C语言（3）.vcxproj", "{DDD1CF60-BA61-4E1A-A7E6-0ED08E75F025}"
EndProject
Global
	GlobalSection(SolutionConfigurationPlatforms) = preSolution
		Debug|x64 = Debug|x64
		Debug|x86 = Debug|x86
		Release|x64 = Release|x64
		Release|x86 = Release|x86
	EndGlobalSection
	GlobalSection(ProjectConfigurationPlatforms) = postSolution
		{DDD1CF60-BA61-4E1A-A7E6-0ED08E75F025}.Debug|x64.ActiveCfg = Debug|x64
		{DDD1CF60-BA61-4E1A-A7E6-0ED08E75F025}.Debug|x64.Build.0 = Debug|x64
		{DDD1CF60-BA61-4E1A-A7E6-0ED08E75F025}.Debug|x86.ActiveCfg = Debug|Win32
		{DDD1CF60-BA61-4E1A-A7E6-0ED08E75F025}.Debug|x86.Build.0 = Debug|Win32
		{DDD1CF60-BA61-4E1A-A7E6-0ED08E75F025}.Release|x64.ActiveCfg = Release|x64
		{DDD1CF60-BA61-4E1A-A7E6-0ED08E75F025}.Release|x64.Build.0 = Release|x64
		{DDD1CF60-BA61-4E1A-A7E6-0ED08E75F025}.Release|x86.ActiveCfg = Release|Win32
		{DDD1CF60-BA61-4E1A-A7E6-0ED08E75F025}.Release|x86.Build.0 = Release|Win32
	EndGlobalSection
	GlobalSection(SolutionProperties) = preSolution
		HideSolutionNode = FALSE
	EndGlobalSection
	GlobalSection(ExtensibilityGlobals) = postSolution
		SolutionGuid = {B545F553-25FB-412E-8F22-32E4CE4A493B}
	EndGlobalSection
EndGlobal
